
Microsoft Visual Studio Solution File, Format Version 12.00
# Visual Studio Version 16
VisualStudioVersion = 16.0.31624.102
MinimumVisualStudioVersion = 10.0.40219.1
Project("{FAE04EC0-301F-11D3-BF4B-00C04F79EFBC}") = "GotoGrocery", "GotoGrocery.csproj", "{1DD758EE-509A-4DC1-9C13-7BE2967ACAD5}"
EndProject
Project("{54435603-DBB4-11D2-8724-00A0C9A8B90C}") = "Executable", "..\Executable\Executable.vdproj", "{8AE693EA-1B26-4C8B-8CB7-D7B4C227D669}"
EndProject
Global
	GlobalSection(SolutionConfigurationPlatforms) = preSolution
		Debug|Any CPU = Debug|Any CPU
		Release|Any CPU = Release|Any CPU
	EndGlobalSection
	GlobalSection(ProjectConfigurationPlatforms) = postSolution
		{1DD758EE-509A-4DC1-9C13-7BE2967ACAD5}.Debug|Any CPU.ActiveCfg = Debug|Any CPU
		{1DD758EE-509A-4DC1-9C13-7BE2967ACAD5}.Debug|Any CPU.Build.0 = Debug|Any CPU
		{1DD758EE-509A-4DC1-9C13-7BE2967ACAD5}.Release|Any CPU.ActiveCfg = Release|Any CPU
		{1DD758EE-509A-4DC1-9C13-7BE2967ACAD5}.Release|Any CPU.Build.0 = Release|Any CPU
		{8AE693EA-1B26-4C8B-8CB7-D7B4C227D669}.Debug|Any CPU.ActiveCfg = Debug
		{8AE693EA-1B26-4C8B-8CB7-D7B4C227D669}.Release|Any CPU.ActiveCfg = Release
	EndGlobalSection
	GlobalSection(SolutionProperties) = preSolution
		HideSolutionNode = FALSE
	EndGlobalSection
	GlobalSection(ExtensibilityGlobals) = postSolution
		SolutionGuid = {0BAC0E29-15E4-4122-AAD7-7100190245BF}
	EndGlobalSection
EndGlobal
