
Microsoft Visual Studio Solution File, Format Version 12.00
# Visual Studio Version 17
VisualStudioVersion = 17.1.32328.378
MinimumVisualStudioVersion = 10.0.40219.1
Project("{FAE04EC0-301F-11D3-BF4B-00C04F79EFBC}") = "InventorySystem", "InventorySystem.csproj", "{647A7055-519A-443A-AE81-081DE2AF499B}"
EndProject
Global
	GlobalSection(SolutionConfigurationPlatforms) = preSolution
		Debug|Any CPU = Debug|Any CPU
		Release|Any CPU = Release|Any CPU
	EndGlobalSection
	GlobalSection(ProjectConfigurationPlatforms) = postSolution
		{647A7055-519A-443A-AE81-081DE2AF499B}.Debug|Any CPU.ActiveCfg = Debug|Any CPU
		{647A7055-519A-443A-AE81-081DE2AF499B}.Debug|Any CPU.Build.0 = Debug|Any CPU
		{647A7055-519A-443A-AE81-081DE2AF499B}.Release|Any CPU.ActiveCfg = Release|Any CPU
		{647A7055-519A-443A-AE81-081DE2AF499B}.Release|Any CPU.Build.0 = Release|Any CPU
	EndGlobalSection
	GlobalSection(SolutionProperties) = preSolution
		HideSolutionNode = FALSE
	EndGlobalSection
	GlobalSection(ExtensibilityGlobals) = postSolution
		SolutionGuid = {464DFA24-0C11-4074-8EEF-03E0DDEDF36F}
	EndGlobalSection
EndGlobal
